
Microsoft Visual Studio Solution File, Format Version 12.00
Project("{FAE04EC0-301F-11D3-BF4B-00C04F79EFBC}") = "WebApplication16", "WebApplication16\WebApplication16.csproj", "{78632D1E-710C-4A8D-A408-5996B64C1226}"
EndProject
Global
	GlobalSection(SolutionConfigurationPlatforms) = preSolution
		Debug|Any CPU = Debug|Any CPU
		Release|Any CPU = Release|Any CPU
	EndGlobalSection
	GlobalSection(ProjectConfigurationPlatforms) = postSolution
		{78632D1E-710C-4A8D-A408-5996B64C1226}.Debug|Any CPU.ActiveCfg = Debug|Any CPU
		{78632D1E-710C-4A8D-A408-5996B64C1226}.Debug|Any CPU.Build.0 = Debug|Any CPU
		{78632D1E-710C-4A8D-A408-5996B64C1226}.Release|Any CPU.ActiveCfg = Release|Any CPU
		{78632D1E-710C-4A8D-A408-5996B64C1226}.Release|Any CPU.Build.0 = Release|Any CPU
	EndGlobalSection
EndGlobal
